// !$*UTF8*$!
{
	archiveVersion = 1;
	classes = {
	};
	objectVersion = 77;
	objects = {

/* Begin PBXContainerItemProxy section */
		A195CB722D01808200CDA235 /* PBXContainerItemProxy */ = {
			isa = PBXContainerItemProxy;
			containerPortal = A195CB532D01808100CDA235 /* Project object */;
			proxyType = 1;
			remoteGlobalIDString = A195CB5A2D01808100CDA235;
			remoteInfo = HTML_IEEE;
		};
		A195CB7C2D01808200CDA235 /* PBXContainerItemProxy */ = {
			isa = PBXContainerItemProxy;
			containerPortal = A195CB532D01808100CDA235 /* Project object */;
			proxyType = 1;
			remoteGlobalIDString = A195CB5A2D01808100CDA235;
			remoteInfo = HTML_IEEE;
		};
/* End PBXContainerItemProxy section */

/* Begin PBXFileReference section */
		A195CB5B2D01808100CDA235 /* HTML_IEEE.app */ = {isa = PBXFileReference; explicitFileType = wrapper.application; includeInIndex = 0; path = HTML_IEEE.app; sourceTree = BUILT_PRODUCTS_DIR; };
		A195CB712D01808200CDA235 /* HTML_IEEETests.xctest */ = {isa = PBXFileReference; explicitFileType = wrapper.cfbundle; includeInIndex = 0; path = HTML_IEEETests.xctest; sourceTree = BUILT_PRODUCTS_DIR; };
		A195CB7B2D01808200CDA235 /* HTML_IEEEUITests.xctest */ = {isa = PBXFileReference; explicitFileType = wrapper.cfbundle; includeInIndex = 0; path = HTML_IEEEUITests.xctest; sourceTree = BUILT_PRODUCTS_DIR; };
/* End PBXFileReference section */

/* Begin PBXFileSystemSynchronizedBuildFileExceptionSet section */
		A195CB832D01808200CDA235 /* Exceptions for "HTML_IEEE" folder in "HTML_IEEE" target */ = {
			isa = PBXFileSystemSynchronizedBuildFileExceptionSet;
			membershipExceptions = (
				Info.plist,
			);
			target = A195CB5A2D01808100CDA235 /* HTML_IEEE */;
		};
/* End PBXFileSystemSynchronizedBuildFileExceptionSet section */

/* Begin PBXFileSystemSynchronizedRootGroup section */
		A195CB5D2D01808100CDA235 /* HTML_IEEE */ = {
			isa = PBXFileSystemSynchronizedRootGroup;
			exceptions = (
				A195CB832D01808200CDA235 /* Exceptions for "HTML_IEEE" folder in "HTML_IEEE" target */,
			);
			path = HTML_IEEE;
			sourceTree = "<group>";
		};
		A195CB742D01808200CDA235 /* HTML_IEEETests */ = {
			isa = PBXFileSystemSynchronizedRootGroup;
			path = HTML_IEEETests;
			sourceTree = "<group>";
		};
		A195CB7E2D01808200CDA235 /* HTML_IEEEUITests */ = {
			isa = PBXFileSystemSynchronizedRootGroup;
			path = HTML_IEEEUITests;
			sourceTree = "<group>";
		};
/* End PBXFileSystemSynchronizedRootGroup section */

/* Begin PBXFrameworksBuildPhase section */
		A195CB582D01808100CDA235 /* Frameworks */ = {
			isa = PBXFrameworksBuildPhase;
			buildActionMask = 2147483647;
			files = (
			);
			runOnlyForDeploymentPostprocessing = 0;
		};
		A195CB6E2D01808200CDA235 /* Frameworks */ = {
			isa = PBXFrameworksBuildPhase;
			buildActionMask = 2147483647;
			files = (
			);
			runOnlyForDeploymentPostprocessing = 0;
		};
		A195CB782D01808200CDA235 /* Frameworks */ = {
			isa = PBXFrameworksBuildPhase;
			buildActionMask = 2147483647;
			files = (
			);
			runOnlyForDeploymentPostprocessing = 0;
		};
/* End PBXFrameworksBuildPhase section */

/* Begin PBXGroup section */
		A195CB522D01808100CDA235 = {
			isa = PBXGroup;
			children = (
				A195CB5D2D01808100CDA235 /* HTML_IEEE */,
				A195CB742D01808200CDA235 /* HTML_IEEETests */,
				A195CB7E2D01808200CDA235 /* HTML_IEEEUITests */,
				A195CB5C2D01808100CDA235 /* Products */,
			);
			sourceTree = "<group>";
		};
		A195CB5C2D01808100CDA235 /* Products */ = {
			isa = PBXGroup;
			children = (
				A195CB5B2D01808100CDA235 /* HTML_IEEE.app */,
				A195CB712D01808200CDA235 /* HTML_IEEETests.xctest */,
				A195CB7B2D01808200CDA235 /* HTML_IEEEUITests.xctest */,
			);
			name = Products;
			sourceTree = "<group>";
		};
/* End PBXGroup section */

/* Begin PBXNativeTarget section */
		A195CB5A2D01808100CDA235 /* HTML_IEEE */ = {
			isa = PBXNativeTarget;
			buildConfigurationList = A195CB842D01808200CDA235 /* Build configuration list for PBXNativeTarget "HTML_IEEE" */;
			buildPhases = (
				A195CB572D01808100CDA235 /* Sources */,
				A195CB582D01808100CDA235 /* Frameworks */,
				A195CB592D01808100CDA235 /* Resources */,
			);
			buildRules = (
			);
			dependencies = (
			);
			fileSystemSynchronizedGroups = (
				A195CB5D2D01808100CDA235 /* HTML_IEEE */,
			);
			name = HTML_IEEE;
			packageProductDependencies = (
			);
			productName = HTML_IEEE;
			productReference = A195CB5B2D01808100CDA235 /* HTML_IEEE.app */;
			productType = "com.apple.product-type.application";
		};
		A195CB702D01808200CDA235 /* HTML_IEEETests */ = {
			isa = PBXNativeTarget;
			buildConfigurationList = A195CB892D01808200CDA235 /* Build configuration list for PBXNativeTarget "HTML_IEEETests" */;
			buildPhases = (
				A195CB6D2D01808200CDA235 /* Sources */,
				A195CB6E2D01808200CDA235 /* Frameworks */,
				A195CB6F2D01808200CDA235 /* Resources */,
			);
			buildRules = (
			);
			dependencies = (
				A195CB732D01808200CDA235 /* PBXTargetDependency */,
			);
			fileSystemSynchronizedGroups = (
				A195CB742D01808200CDA235 /* HTML_IEEETests */,
			);
			name = HTML_IEEETests;
			packageProductDependencies = (
			);
			productName = HTML_IEEETests;
			productReference = A195CB712D01808200CDA235 /* HTML_IEEETests.xctest */;
			productType = "com.apple.product-type.bundle.unit-test";
		};
		A195CB7A2D01808200CDA235 /* HTML_IEEEUITests */ = {
			isa = PBXNativeTarget;
			buildConfigurationList = A195CB8C2D01808200CDA235 /* Build configuration list for PBXNativeTarget "HTML_IEEEUITests" */;
			buildPhases = (
				A195CB772D01808200CDA235 /* Sources */,
				A195CB782D01808200CDA235 /* Frameworks */,
				A195CB792D01808200CDA235 /* Resources */,
			);
			buildRules = (
			);
			dependencies = (
				A195CB7D2D01808200CDA235 /* PBXTargetDependency */,
			);
			fileSystemSynchronizedGroups = (
				A195CB7E2D01808200CDA235 /* HTML_IEEEUITests */,
			);
			name = HTML_IEEEUITests;
			packageProductDependencies = (
			);
			productName = HTML_IEEEUITests;
			productReference = A195CB7B2D01808200CDA235 /* HTML_IEEEUITests.xctest */;
			productType = "com.apple.product-type.bundle.ui-testing";
		};
/* End PBXNativeTarget section */

/* Begin PBXProject section */
		A195CB532D01808100CDA235 /* Project object */ = {
			isa = PBXProject;
			attributes = {
				BuildIndependentTargetsInParallel = 1;
				LastSwiftUpdateCheck = 1600;
				LastUpgradeCheck = 1600;
				TargetAttributes = {
					A195CB5A2D01808100CDA235 = {
						CreatedOnToolsVersion = 16.0;
					};
					A195CB702D01808200CDA235 = {
						CreatedOnToolsVersion = 16.0;
						TestTargetID = A195CB5A2D01808100CDA235;
					};
					A195CB7A2D01808200CDA235 = {
						CreatedOnToolsVersion = 16.0;
						TestTargetID = A195CB5A2D01808100CDA235;
					};
				};
			};
			buildConfigurationList = A195CB562D01808100CDA235 /* Build configuration list for PBXProject "HTML_IEEE" */;
			developmentRegion = en;
			hasScannedForEncodings = 0;
			knownRegions = (
				en,
				Base,
			);
			mainGroup = A195CB522D01808100CDA235;
			minimizedProjectReferenceProxies = 1;
			preferredProjectObjectVersion = 77;
			productRefGroup = A195CB5C2D01808100CDA235 /* Products */;
			projectDirPath = "";
			projectRoot = "";
			targets = (
				A195CB5A2D01808100CDA235 /* HTML_IEEE */,
				A195CB702D01808200CDA235 /* HTML_IEEETests */,
				A195CB7A2D01808200CDA235 /* HTML_IEEEUITests */,
			);
		};
/* End PBXProject section */

/* Begin PBXResourcesBuildPhase section */
		A195CB592D01808100CDA235 /* Resources */ = {
			isa = PBXResourcesBuildPhase;
			buildActionMask = 2147483647;
			files = (
			);
			runOnlyForDeploymentPostprocessing = 0;
		};
		A195CB6F2D01808200CDA235 /* Resources */ = {
			isa = PBXResourcesBuildPhase;
			buildActionMask = 2147483647;
			files = (
			);
			runOnlyForDeploymentPostprocessing = 0;
		};
		A195CB792D01808200CDA235 /* Resources */ = {
			isa = PBXResourcesBuildPhase;
			buildActionMask = 2147483647;
			files = (
			);
			runOnlyForDeploymentPostprocessing = 0;
		};
/* End PBXResourcesBuildPhase section */

/* Begin PBXSourcesBuildPhase section */
		A195CB572D01808100CDA235 /* Sources */ = {
			isa = PBXSourcesBuildPhase;
			buildActionMask = 2147483647;
			files = (
			);
			runOnlyForDeploymentPostprocessing = 0;
		};
		A195CB6D2D01808200CDA235 /* Sources */ = {
			isa = PBXSourcesBuildPhase;
			buildActionMask = 2147483647;
			files = (
			);
			runOnlyForDeploymentPostprocessing = 0;
		};
		A195CB772D01808200CDA235 /* Sources */ = {
			isa = PBXSourcesBuildPhase;
			buildActionMask = 2147483647;
			files = (
			);
			runOnlyForDeploymentPostprocessing = 0;
		};
/* End PBXSourcesBuildPhase section */

/* Begin PBXTargetDependency section */
		A195CB732D01808200CDA235 /* PBXTargetDependency */ = {
			isa = PBXTargetDependency;
			target = A195CB5A2D01808100CDA235 /* HTML_IEEE */;
			targetProxy = A195CB722D01808200CDA235 /* PBXContainerItemProxy */;
		};
		A195CB7D2D01808200CDA235 /* PBXTargetDependency */ = {
			isa = PBXTargetDependency;
			target = A195CB5A2D01808100CDA235 /* HTML_IEEE */;
			targetProxy = A195CB7C2D01808200CDA235 /* PBXContainerItemProxy */;
		};
/* End PBXTargetDependency section */

/* Begin XCBuildConfiguration section */
		A195CB852D01808200CDA235 /* Debug */ = {
			isa = XCBuildConfiguration;
			buildSettings = {
				ASSETCATALOG_COMPILER_APPICON_NAME = AppIcon;
				ASSETCATALOG_COMPILER_GLOBAL_ACCENT_COLOR_NAME = AccentColor;
				CODE_SIGN_STYLE = Automatic;
				CURRENT_PROJECT_VERSION = 1;
				DEVELOPMENT_TEAM = 3X84798C42;
				GENERATE_INFOPLIST_FILE = YES;
				INFOPLIST_FILE = HTML_IEEE/Info.plist;
				INFOPLIST_KEY_UIApplicationSupportsIndirectInputEvents = YES;
				INFOPLIST_KEY_UILaunchStoryboardName = LaunchScreen;
				INFOPLIST_KEY_UIMainStoryboardFile = Main;
				INFOPLIST_KEY_UISupportedInterfaceOrientations_iPad = "UIInterfaceOrientationPortrait UIInterfaceOrientationPortraitUpsideDown UIInterfaceOrientationLandscapeLeft UIInterfaceOrientationLandscapeRight";
				INFOPLIST_KEY_UISupportedInterfaceOrientations_iPhone = "UIInterfaceOrientationPortrait UIInterfaceOrientationLandscapeLeft UIInterfaceOrientationLandscapeRight";
				LD_RUNPATH_SEARCH_PATHS = (
					"$(inherited)",
					"@executable_path/Frameworks",
				);
				MARKETING_VERSION = 1.0;
				PRODUCT_BUNDLE_IDENTIFIER = "Test.HTML-IEEE";
				PRODUCT_NAME = "$(TARGET_NAME)";
				SWIFT_EMIT_LOC_STRINGS = YES;
				SWIFT_VERSION = 5.0;
				TARGETED_DEVICE_FAMILY = "1,2";
			};
			name = Debug;
		};
		A195CB862D01808200CDA235 /* Release */ = {
			isa = XCBuildConfiguration;
			buildSettings = {
				ASSETCATALOG_COMPILER_APPICON_NAME = AppIcon;
				ASSETCATALOG_COMPILER_GLOBAL_ACCENT_COLOR_NAME = AccentColor;
				CODE_SIGN_STYLE = Automatic;
				CURRENT_PROJECT_VERSION = 1;
				DEVELOPMENT_TEAM = 3X84798C42;
				GENERATE_INFOPLIST_FILE = YES;
				INFOPLIST_FILE = HTML_IEEE/Info.plist;
				INFOPLIST_KEY_UIApplicationSupportsIndirectInputEvents = YES;
				INFOPLIST_KEY_UILaunchStoryboardName = LaunchScreen;
				INFOPLIST_KEY_UIMainStoryboardFile = Main;
				INFOPLIST_KEY_UISupportedInterfaceOrientations_iPad = "UIInterfaceOrientationPortrait UIInterfaceOrientationPortraitUpsideDown UIInterfaceOrientationLandscapeLeft UIInterfaceOrientationLandscapeRight";
				INFOPLIST_KEY_UISupportedInterfaceOrientations_iPhone = "UIInterfaceOrientationPortrait UIInterfaceOrientationLandscapeLeft UIInterfaceOrientationLandscapeRight";
				LD_RUNPATH_SEARCH_PATHS = (
					"$(inherited)",
					"@executable_path/Frameworks",
				);
				MARKETING_VERSION = 1.0;
				PRODUCT_BUNDLE_IDENTIFIER = "Test.HTML-IEEE";
				PRODUCT_NAME = "$(TARGET_NAME)";
				SWIFT_EMIT_LOC_STRINGS = YES;
				SWIFT_VERSION = 5.0;
				TARGETED_DEVICE_FAMILY = "1,2";
			};
			name = Release;
		};
		A195CB872D01808200CDA235 /* Debug */ = {
			isa = XCBuildConfiguration;
			buildSettings = {
				ALWAYS_SEARCH_USER_PATHS = NO;
				ASSETCATALOG_COMPILER_GENERATE_SWIFT_ASSET_SYMBOL_EXTENSIONS = YES;
				CLANG_ANALYZER_NONNULL = YES;
				CLANG_ANALYZER_NUMBER_OBJECT_CONVERSION = YES_AGGRESSIVE;
				CLANG_CXX_LANGUAGE_STANDARD = "gnu++20";
				CLANG_ENABLE_MODULES = YES;
				CLANG_ENABLE_OBJC_ARC = YES;
				CLANG_ENABLE_OBJC_WEAK = YES;
				CLANG_WARN_BLOCK_CAPTURE_AUTORELEASING = YES;
				CLANG_WARN_BOOL_CONVERSION = YES;
				CLANG_WARN_COMMA = YES;
				CLANG_WARN_CONSTANT_CONVERSION = YES;
				CLANG_WARN_DEPRECATED_OBJC_IMPLEMENTATIONS = YES;
				CLANG_WARN_DIRECT_OBJC_ISA_USAGE = YES_ERROR;
				CLANG_WARN_DOCUMENTATION_COMMENTS = YES;
				CLANG_WARN_EMPTY_BODY = YES;
				CLANG_WARN_ENUM_CONVERSION = YES;
				CLANG_WARN_INFINITE_RECURSION = YES;
				CLANG_WARN_INT_CONVERSION = YES;
				CLANG_WARN_NON_LITERAL_NULL_CONVERSION = YES;
				CLANG_WARN_OBJC_IMPLICIT_RETAIN_SELF = YES;
				CLANG_WARN_OBJC_LITERAL_CONVERSION = YES;
				CLANG_WARN_OBJC_ROOT_CLASS = YES_ERROR;
				CLANG_WARN_QUOTED_INCLUDE_IN_FRAMEWORK_HEADER = YES;
				CLANG_WARN_RANGE_LOOP_ANALYSIS = YES;
				CLANG_WARN_STRICT_PROTOTYPES = YES;
				CLANG_WARN_SUSPICIOUS_MOVE = YES;
				CLANG_WARN_UNGUARDED_AVAILABILITY = YES_AGGRESSIVE;
				CLANG_WARN_UNREACHABLE_CODE = YES;
				CLANG_WARN__DUPLICATE_METHOD_MATCH = YES;
				COPY_PHASE_STRIP = NO;
				DEBUG_INFORMATION_FORMAT = dwarf;
				ENABLE_STRICT_OBJC_MSGSEND = YES;
				ENABLE_TESTABILITY = YES;
				ENABLE_USER_SCRIPT_SANDBOXING = YES;
				GCC_C_LANGUAGE_STANDARD = gnu17;
				GCC_DYNAMIC_NO_PIC = NO;
				GCC_NO_COMMON_BLOCKS = YES;
				GCC_OPTIMIZATION_LEVEL = 0;
				GCC_PREPROCESSOR_DEFINITIONS = (
					"DEBUG=1",
					"$(inherited)",
				);
				GCC_WARN_64_TO_32_BIT_CONVERSION = YES;
				GCC_WARN_ABOUT_RETURN_TYPE = YES_ERROR;
				GCC_WARN_UNDECLARED_SELECTOR = YES;
				GCC_WARN_UNINITIALIZED_AUTOS = YES_AGGRESSIVE;
				GCC_WARN_UNUSED_FUNCTION = YES;
				GCC_WARN_UNUSED_VARIABLE = YES;
				IPHONEOS_DEPLOYMENT_TARGET = 18.0;
				LOCALIZATION_PREFERS_STRING_CATALOGS = YES;
				MTL_ENABLE_DEBUG_INFO = INCLUDE_SOURCE;
				MTL_FAST_MATH = YES;
				ONLY_ACTIVE_ARCH = YES;
				SDKROOT = iphoneos;
				SWIFT_ACTIVE_COMPILATION_CONDITIONS = "DEBUG $(inherited)";
				SWIFT_OPTIMIZATION_LEVEL = "-Onone";
			};
			name = Debug;
		};
		A195CB882D01808200CDA235 /* Release */ = {
			isa = XCBuildConfiguration;
			buildSettings = {
				ALWAYS_SEARCH_USER_PATHS = NO;
				ASSETCATALOG_COMPILER_GENERATE_SWIFT_ASSET_SYMBOL_EXTENSIONS = YES;
				CLANG_ANALYZER_NONNULL = YES;
				CLANG_ANALYZER_NUMBER_OBJECT_CONVERSION = YES_AGGRESSIVE;
				CLANG_CXX_LANGUAGE_STANDARD = "gnu++20";
				CLANG_ENABLE_MODULES = YES;
				CLANG_ENABLE_OBJC_ARC = YES;
				CLANG_ENABLE_OBJC_WEAK = YES;
				CLANG_WARN_BLOCK_CAPTURE_AUTORELEASING = YES;
				CLANG_WARN_BOOL_CONVERSION = YES;
				CLANG_WARN_COMMA = YES;
				CLANG_WARN_CONSTANT_CONVERSION = YES;
				CLANG_WARN_DEPRECATED_OBJC_IMPLEMENTATIONS = YES;
				CLANG_WARN_DIRECT_OBJC_ISA_USAGE = YES_ERROR;
				CLANG_WARN_DOCUMENTATION_COMMENTS = YES;
				CLANG_WARN_EMPTY_BODY = YES;
				CLANG_WARN_ENUM_CONVERSION = YES;
				CLANG_WARN_INFINITE_RECURSION = YES;
				CLANG_WARN_INT_CONVERSION = YES;
				CLANG_WARN_NON_LITERAL_NULL_CONVERSION = YES;
				CLANG_WARN_OBJC_IMPLICIT_RETAIN_SELF = YES;
				CLANG_WARN_OBJC_LITERAL_CONVERSION = YES;
				CLANG_WARN_OBJC_ROOT_CLASS = YES_ERROR;
				CLANG_WARN_QUOTED_INCLUDE_IN_FRAMEWORK_HEADER = YES;
				CLANG_WARN_RANGE_LOOP_ANALYSIS = YES;
				CLANG_WARN_STRICT_PROTOTYPES = YES;
				CLANG_WARN_SUSPICIOUS_MOVE = YES;
				CLANG_WARN_UNGUARDED_AVAILABILITY = YES_AGGRESSIVE;
				CLANG_WARN_UNREACHABLE_CODE = YES;
				CLANG_WARN__DUPLICATE_METHOD_MATCH = YES;
				COPY_PHASE_STRIP = NO;
				DEBUG_INFORMATION_FORMAT = "dwarf-with-dsym";
				ENABLE_NS_ASSERTIONS = NO;
				ENABLE_STRICT_OBJC_MSGSEND = YES;
				ENABLE_USER_SCRIPT_SANDBOXING = YES;
				GCC_C_LANGUAGE_STANDARD = gnu17;
				GCC_NO_COMMON_BLOCKS = YES;
				GCC_WARN_64_TO_32_BIT_CONVERSION = YES;
				GCC_WARN_ABOUT_RETURN_TYPE = YES_ERROR;
				GCC_WARN_UNDECLARED_SELECTOR = YES;
				GCC_WARN_UNINITIALIZED_AUTOS = YES_AGGRESSIVE;
				GCC_WARN_UNUSED_FUNCTION = YES;
				GCC_WARN_UNUSED_VARIABLE = YES;
				IPHONEOS_DEPLOYMENT_TARGET = 18.0;
				LOCALIZATION_PREFERS_STRING_CATALOGS = YES;
				MTL_ENABLE_DEBUG_INFO = NO;
				MTL_FAST_MATH = YES;
				SDKROOT = iphoneos;
				SWIFT_COMPILATION_MODE = wholemodule;
				VALIDATE_PRODUCT = YES;
			};
			name = Release;
		};
		A195CB8A2D01808200CDA235 /* Debug */ = {
			isa = XCBuildConfiguration;
			buildSettings = {
				BUNDLE_LOADER = "$(TEST_HOST)";
				CODE_SIGN_STYLE = Automatic;
				CURRENT_PROJECT_VERSION = 1;
				DEVELOPMENT_TEAM = 3X84798C42;
				GENERATE_INFOPLIST_FILE = YES;
				IPHONEOS_DEPLOYMENT_TARGET = 18.0;
				MARKETING_VERSION = 1.0;
				PRODUCT_BUNDLE_IDENTIFIER = "Test.HTML-IEEETests";
				PRODUCT_NAME = "$(TARGET_NAME)";
				SWIFT_EMIT_LOC_STRINGS = NO;
				SWIFT_VERSION = 5.0;
				TARGETED_DEVICE_FAMILY = "1,2";
				TEST_HOST = "$(BUILT_PRODUCTS_DIR)/HTML_IEEE.app/$(BUNDLE_EXECUTABLE_FOLDER_PATH)/HTML_IEEE";
			};
			name = Debug;
		};
		A195CB8B2D01808200CDA235 /* Release */ = {
			isa = XCBuildConfiguration;
			buildSettings = {
				BUNDLE_LOADER = "$(TEST_HOST)";
				CODE_SIGN_STYLE = Automatic;
				CURRENT_PROJECT_VERSION = 1;
				DEVELOPMENT_TEAM = 3X84798C42;
				GENERATE_INFOPLIST_FILE = YES;
				IPHONEOS_DEPLOYMENT_TARGET = 18.0;
				MARKETING_VERSION = 1.0;
				PRODUCT_BUNDLE_IDENTIFIER = "Test.HTML-IEEETests";
				PRODUCT_NAME = "$(TARGET_NAME)";
				SWIFT_EMIT_LOC_STRINGS = NO;
				SWIFT_VERSION = 5.0;
				TARGETED_DEVICE_FAMILY = "1,2";
				TEST_HOST = "$(BUILT_PRODUCTS_DIR)/HTML_IEEE.app/$(BUNDLE_EXECUTABLE_FOLDER_PATH)/HTML_IEEE";
			};
			name = Release;
		};
		A195CB8D2D01808200CDA235 /* Debug */ = {
			isa = XCBuildConfiguration;
			buildSettings = {
				CODE_SIGN_STYLE = Automatic;
				CURRENT_PROJECT_VERSION = 1;
				DEVELOPMENT_TEAM = 3X84798C42;
				GENERATE_INFOPLIST_FILE = YES;
				MARKETING_VERSION = 1.0;
				PRODUCT_BUNDLE_IDENTIFIER = "Test.HTML-IEEEUITests";
				PRODUCT_NAME = "$(TARGET_NAME)";
				SWIFT_EMIT_LOC_STRINGS = NO;
				SWIFT_VERSION = 5.0;
				TARGETED_DEVICE_FAMILY = "1,2";
				TEST_TARGET_NAME = HTML_IEEE;
			};
			name = Debug;
		};
		A195CB8E2D01808200CDA235 /* Release */ = {
			isa = XCBuildConfiguration;
			buildSettings = {
				CODE_SIGN_STYLE = Automatic;
				CURRENT_PROJECT_VERSION = 1;
				DEVELOPMENT_TEAM = 3X84798C42;
				GENERATE_INFOPLIST_FILE = YES;
				MARKETING_VERSION = 1.0;
				PRODUCT_BUNDLE_IDENTIFIER = "Test.HTML-IEEEUITests";
				PRODUCT_NAME = "$(TARGET_NAME)";
				SWIFT_EMIT_LOC_STRINGS = NO;
				SWIFT_VERSION = 5.0;
				TARGETED_DEVICE_FAMILY = "1,2";
				TEST_TARGET_NAME = HTML_IEEE;
			};
			name = Release;
		};
/* End XCBuildConfiguration section */

/* Begin XCConfigurationList section */
		A195CB562D01808100CDA235 /* Build configuration list for PBXProject "HTML_IEEE" */ = {
			isa = XCConfigurationList;
			buildConfigurations = (
				A195CB872D01808200CDA235 /* Debug */,
				A195CB882D01808200CDA235 /* Release */,
			);
			defaultConfigurationIsVisible = 0;
			defaultConfigurationName = Release;
		};
		A195CB842D01808200CDA235 /* Build configuration list for PBXNativeTarget "HTML_IEEE" */ = {
			isa = XCConfigurationList;
			buildConfigurations = (
				A195CB852D01808200CDA235 /* Debug */,
				A195CB862D01808200CDA235 /* Release */,
			);
			defaultConfigurationIsVisible = 0;
			defaultConfigurationName = Release;
		};
		A195CB892D01808200CDA235 /* Build configuration list for PBXNativeTarget "HTML_IEEETests" */ = {
			isa = XCConfigurationList;
			buildConfigurations = (
				A195CB8A2D01808200CDA235 /* Debug */,
				A195CB8B2D01808200CDA235 /* Release */,
			);
			defaultConfigurationIsVisible = 0;
			defaultConfigurationName = Release;
		};
		A195CB8C2D01808200CDA235 /* Build configuration list for PBXNativeTarget "HTML_IEEEUITests" */ = {
			isa = XCConfigurationList;
			buildConfigurations = (
				A195CB8D2D01808200CDA235 /* Debug */,
				A195CB8E2D01808200CDA235 /* Release */,
			);
			defaultConfigurationIsVisible = 0;
			defaultConfigurationName = Release;
		};
/* End XCConfigurationList section */
	};
	rootObject = A195CB532D01808100CDA235 /* Project object */;
}
